
Microsoft Visual Studio Solution File, Format Version 12.00
# Visual Studio Version 17
VisualStudioVersion = 17.5.33627.172
MinimumVisualStudioVersion = 10.0.40219.1
Project("{8BC9CEB8-8B4A-11D0-8D11-00A0C91BC942}") = "STATICMEMBER_051", "STATICMEMBER_051\STATICMEMBER_051.vcxproj", "{5D9D9F0D-C8E4-432E-BA52-97D5FEAF3A1D}"
EndProject
Project("{8BC9CEB8-8B4A-11D0-8D11-00A0C91BC942}") = "chainfunction", "chainfunction\chainfunction.vcxproj", "{65ACD580-9E0B-45B5-A94E-3508E9932581}"
EndProject
Project("{8BC9CEB8-8B4A-11D0-8D11-00A0C91BC942}") = "destruktor", "destruktor\destruktor.vcxproj", "{8A4A122B-ED08-4FCE-9797-2D63710F63CE}"
EndProject
Global
	GlobalSection(SolutionConfigurationPlatforms) = preSolution
		Debug|x64 = Debug|x64
		Debug|x86 = Debug|x86
		Release|x64 = Release|x64
		Release|x86 = Release|x86
	EndGlobalSection
	GlobalSection(ProjectConfigurationPlatforms) = postSolution
		{5D9D9F0D-C8E4-432E-BA52-97D5FEAF3A1D}.Debug|x64.ActiveCfg = Debug|x64
		{5D9D9F0D-C8E4-432E-BA52-97D5FEAF3A1D}.Debug|x64.Build.0 = Debug|x64
		{5D9D9F0D-C8E4-432E-BA52-97D5FEAF3A1D}.Debug|x86.ActiveCfg = Debug|Win32
		{5D9D9F0D-C8E4-432E-BA52-97D5FEAF3A1D}.Debug|x86.Build.0 = Debug|Win32
		{5D9D9F0D-C8E4-432E-BA52-97D5FEAF3A1D}.Release|x64.ActiveCfg = Release|x64
		{5D9D9F0D-C8E4-432E-BA52-97D5FEAF3A1D}.Release|x64.Build.0 = Release|x64
		{5D9D9F0D-C8E4-432E-BA52-97D5FEAF3A1D}.Release|x86.ActiveCfg = Release|Win32
		{5D9D9F0D-C8E4-432E-BA52-97D5FEAF3A1D}.Release|x86.Build.0 = Release|Win32
		{65ACD580-9E0B-45B5-A94E-3508E9932581}.Debug|x64.ActiveCfg = Debug|x64
		{65ACD580-9E0B-45B5-A94E-3508E9932581}.Debug|x64.Build.0 = Debug|x64
		{65ACD580-9E0B-45B5-A94E-3508E9932581}.Debug|x86.ActiveCfg = Debug|Win32
		{65ACD580-9E0B-45B5-A94E-3508E9932581}.Debug|x86.Build.0 = Debug|Win32
		{65ACD580-9E0B-45B5-A94E-3508E9932581}.Release|x64.ActiveCfg = Release|x64
		{65ACD580-9E0B-45B5-A94E-3508E9932581}.Release|x64.Build.0 = Release|x64
		{65ACD580-9E0B-45B5-A94E-3508E9932581}.Release|x86.ActiveCfg = Release|Win32
		{65ACD580-9E0B-45B5-A94E-3508E9932581}.Release|x86.Build.0 = Release|Win32
		{8A4A122B-ED08-4FCE-9797-2D63710F63CE}.Debug|x64.ActiveCfg = Debug|x64
		{8A4A122B-ED08-4FCE-9797-2D63710F63CE}.Debug|x64.Build.0 = Debug|x64
		{8A4A122B-ED08-4FCE-9797-2D63710F63CE}.Debug|x86.ActiveCfg = Debug|Win32
		{8A4A122B-ED08-4FCE-9797-2D63710F63CE}.Debug|x86.Build.0 = Debug|Win32
		{8A4A122B-ED08-4FCE-9797-2D63710F63CE}.Release|x64.ActiveCfg = Release|x64
		{8A4A122B-ED08-4FCE-9797-2D63710F63CE}.Release|x64.Build.0 = Release|x64
		{8A4A122B-ED08-4FCE-9797-2D63710F63CE}.Release|x86.ActiveCfg = Release|Win32
		{8A4A122B-ED08-4FCE-9797-2D63710F63CE}.Release|x86.Build.0 = Release|Win32
	EndGlobalSection
	GlobalSection(SolutionProperties) = preSolution
		HideSolutionNode = FALSE
	EndGlobalSection
	GlobalSection(ExtensibilityGlobals) = postSolution
		SolutionGuid = {D6B3B499-4DC0-4B05-BB28-ACD7B31CD274}
	EndGlobalSection
EndGlobal
